// !$*UTF8*$!
{
	archiveVersion = 1;
	classes = {
	};
	objectVersion = 46;
	objects = {

/* Begin PBXBuildFile section */
		3F415C65809E483DB0BA733B /* libPods.a in Frameworks */ = {isa = PBXBuildFile; fileRef = 38C6AC66B71D48D08884DEC1 /* libPods.a */; };
		710CE404186C2695000248B2 /* LVDebounce.m in Sources */ = {isa = PBXBuildFile; fileRef = 710CE403186C2695000248B2 /* LVDebounce.m */; };
		714E59F41868A99F00750A2E /* Foundation.framework in Frameworks */ = {isa = PBXBuildFile; fileRef = 714E59F31868A99F00750A2E /* Foundation.framework */; };
		714E59F61868A99F00750A2E /* CoreGraphics.framework in Frameworks */ = {isa = PBXBuildFile; fileRef = 714E59F51868A99F00750A2E /* CoreGraphics.framework */; };
		714E59F81868A99F00750A2E /* UIKit.framework in Frameworks */ = {isa = PBXBuildFile; fileRef = 714E59F71868A99F00750A2E /* UIKit.framework */; };
		714E59FE1868A99F00750A2E /* InfoPlist.strings in Resources */ = {isa = PBXBuildFile; fileRef = 714E59FC1868A99F00750A2E /* InfoPlist.strings */; };
		714E5A001868A99F00750A2E /* main.m in Sources */ = {isa = PBXBuildFile; fileRef = 714E59FF1868A99F00750A2E /* main.m */; };
		714E5A041868A99F00750A2E /* AppDelegate.m in Sources */ = {isa = PBXBuildFile; fileRef = 714E5A031868A99F00750A2E /* AppDelegate.m */; };
		714E5A0F1868A99F00750A2E /* Images.xcassets in Resources */ = {isa = PBXBuildFile; fileRef = 714E5A0E1868A99F00750A2E /* Images.xcassets */; };
		714E5A301868AF0A00750A2E /* HomeViewController.m in Sources */ = {isa = PBXBuildFile; fileRef = 714E5A2F1868AF0A00750A2E /* HomeViewController.m */; };
		714E5A331868BE6600750A2E /* GrtyrService.m in Sources */ = {isa = PBXBuildFile; fileRef = 714E5A321868BE6600750A2E /* GrtyrService.m */; };
		7158B6501868C18700F02C9E /* Note.m in Sources */ = {isa = PBXBuildFile; fileRef = 7158B64F1868C18700F02C9E /* Note.m */; };
		71708E21186D49B8001FC66A /* UIScrollView+SVInfiniteScrolling.m in Sources */ = {isa = PBXBuildFile; fileRef = 71708E20186D49B8001FC66A /* UIScrollView+SVInfiniteScrolling.m */; };
		71708E24186E64BD001FC66A /* AccountMenuCell.m in Sources */ = {isa = PBXBuildFile; fileRef = 71708E23186E64BD001FC66A /* AccountMenuCell.m */; };
		71792FD8186BFAD200775320 /* AccountViewController.m in Sources */ = {isa = PBXBuildFile; fileRef = 71792FD7186BFAD200775320 /* AccountViewController.m */; };
		71D4EE0D186ACB640098E818 /* black-placeholder.png in Resources */ = {isa = PBXBuildFile; fileRef = 71D4EE0B186ACB640098E818 /* black-placeholder.png */; };
		71D4EE0E186ACB640098E818 /* black-placeholder@2x.png in Resources */ = {isa = PBXBuildFile; fileRef = 71D4EE0C186ACB640098E818 /* black-placeholder@2x.png */; };
		71D4EE18186B9B7D0098E818 /* reveal-icon.png in Resources */ = {isa = PBXBuildFile; fileRef = 71D4EE16186B9B7D0098E818 /* reveal-icon.png */; };
		71D4EE19186B9B7D0098E818 /* reveal-icon@2x.png in Resources */ = {isa = PBXBuildFile; fileRef = 71D4EE17186B9B7D0098E818 /* reveal-icon@2x.png */; };
		71D4EE20186BAE5D0098E818 /* MenuViewController.m in Sources */ = {isa = PBXBuildFile; fileRef = 71D4EE1F186BAE5D0098E818 /* MenuViewController.m */; };
		A33EB6731A530CCA00DDF055 /* Grtyr.storyboard in Resources */ = {isa = PBXBuildFile; fileRef = A33EB6721A530CCA00DDF055 /* Grtyr.storyboard */; };
		A3954B921A4A1E6300459ED2 /* debut_light.png in Resources */ = {isa = PBXBuildFile; fileRef = A3954B911A4A1E6300459ED2 /* debut_light.png */; };
		A3954B941A4A1E7100459ED2 /* debut_light@2X.png in Resources */ = {isa = PBXBuildFile; fileRef = A3954B931A4A1E7100459ED2 /* debut_light@2X.png */; };
		A3EAD8531A51DE6800540609 /* Security.framework in Frameworks */ = {isa = PBXBuildFile; fileRef = A3EAD8521A51DE6800540609 /* Security.framework */; };
		A3EAD8581A51FEC200540609 /* UserService.m in Resources */ = {isa = PBXBuildFile; fileRef = A3EAD8571A51FEC200540609 /* UserService.m */; };
		A3EAD85C1A51FFFC00540609 /* GrtyrApi.m in Sources */ = {isa = PBXBuildFile; fileRef = A3EAD85B1A51FFFC00540609 /* GrtyrApi.m */; };
/* End PBXBuildFile section */

/* Begin PBXFileReference section */
		0543C05B919546B85A251466 /* Pods.debug.xcconfig */ = {isa = PBXFileReference; includeInIndex = 1; lastKnownFileType = text.xcconfig; name = Pods.debug.xcconfig; path = "Pods/Target Support Files/Pods/Pods.debug.xcconfig"; sourceTree = "<group>"; };
		38C6AC66B71D48D08884DEC1 /* libPods.a */ = {isa = PBXFileReference; explicitFileType = archive.ar; includeInIndex = 0; path = libPods.a; sourceTree = BUILT_PRODUCTS_DIR; };
		50B1A9139AD68A65B243CDC1 /* Pods.release.xcconfig */ = {isa = PBXFileReference; includeInIndex = 1; lastKnownFileType = text.xcconfig; name = Pods.release.xcconfig; path = "Pods/Target Support Files/Pods/Pods.release.xcconfig"; sourceTree = "<group>"; };
		710CE402186C2695000248B2 /* LVDebounce.h */ = {isa = PBXFileReference; fileEncoding = 4; lastKnownFileType = sourcecode.c.h; path = LVDebounce.h; sourceTree = "<group>"; };
		710CE403186C2695000248B2 /* LVDebounce.m */ = {isa = PBXFileReference; fileEncoding = 4; lastKnownFileType = sourcecode.c.objc; path = LVDebounce.m; sourceTree = "<group>"; };
		714E59F01868A99F00750A2E /* Grtyr.app */ = {isa = PBXFileReference; explicitFileType = wrapper.application; includeInIndex = 0; path = Grtyr.app; sourceTree = BUILT_PRODUCTS_DIR; };
		714E59F31868A99F00750A2E /* Foundation.framework */ = {isa = PBXFileReference; lastKnownFileType = wrapper.framework; name = Foundation.framework; path = System/Library/Frameworks/Foundation.framework; sourceTree = SDKROOT; };
		714E59F51868A99F00750A2E /* CoreGraphics.framework */ = {isa = PBXFileReference; lastKnownFileType = wrapper.framework; name = CoreGraphics.framework; path = System/Library/Frameworks/CoreGraphics.framework; sourceTree = SDKROOT; };
		714E59F71868A99F00750A2E /* UIKit.framework */ = {isa = PBXFileReference; lastKnownFileType = wrapper.framework; name = UIKit.framework; path = System/Library/Frameworks/UIKit.framework; sourceTree = SDKROOT; };
		714E59FB1868A99F00750A2E /* Grtyr-Info.plist */ = {isa = PBXFileReference; lastKnownFileType = text.plist.xml; path = "Grtyr-Info.plist"; sourceTree = "<group>"; };
		714E59FD1868A99F00750A2E /* en */ = {isa = PBXFileReference; lastKnownFileType = text.plist.strings; name = en; path = en.lproj/InfoPlist.strings; sourceTree = "<group>"; };
		714E59FF1868A99F00750A2E /* main.m */ = {isa = PBXFileReference; lastKnownFileType = sourcecode.c.objc; path = main.m; sourceTree = "<group>"; };
		714E5A011868A99F00750A2E /* Grtyr-Prefix.pch */ = {isa = PBXFileReference; lastKnownFileType = sourcecode.c.h; path = "Grtyr-Prefix.pch"; sourceTree = "<group>"; };
		714E5A021868A99F00750A2E /* AppDelegate.h */ = {isa = PBXFileReference; lastKnownFileType = sourcecode.c.h; path = AppDelegate.h; sourceTree = "<group>"; };
		714E5A031868A99F00750A2E /* AppDelegate.m */ = {isa = PBXFileReference; lastKnownFileType = sourcecode.c.objc; path = AppDelegate.m; sourceTree = "<group>"; };
		714E5A0E1868A99F00750A2E /* Images.xcassets */ = {isa = PBXFileReference; lastKnownFileType = folder.assetcatalog; path = Images.xcassets; sourceTree = "<group>"; };
		714E5A151868A99F00750A2E /* XCTest.framework */ = {isa = PBXFileReference; lastKnownFileType = wrapper.framework; name = XCTest.framework; path = Library/Frameworks/XCTest.framework; sourceTree = DEVELOPER_DIR; };
		714E5A2E1868AF0A00750A2E /* HomeViewController.h */ = {isa = PBXFileReference; fileEncoding = 4; lastKnownFileType = sourcecode.c.h; path = HomeViewController.h; sourceTree = "<group>"; };
		714E5A2F1868AF0A00750A2E /* HomeViewController.m */ = {isa = PBXFileReference; fileEncoding = 4; lastKnownFileType = sourcecode.c.objc; path = HomeViewController.m; sourceTree = "<group>"; };
		714E5A311868BE6600750A2E /* GrtyrService.h */ = {isa = PBXFileReference; fileEncoding = 4; lastKnownFileType = sourcecode.c.h; path = GrtyrService.h; sourceTree = "<group>"; };
		714E5A321868BE6600750A2E /* GrtyrService.m */ = {isa = PBXFileReference; fileEncoding = 4; lastKnownFileType = sourcecode.c.objc; path = GrtyrService.m; sourceTree = "<group>"; };
		7158B64E1868C18700F02C9E /* Note.h */ = {isa = PBXFileReference; fileEncoding = 4; lastKnownFileType = sourcecode.c.h; path = Note.h; sourceTree = "<group>"; };
		7158B64F1868C18700F02C9E /* Note.m */ = {isa = PBXFileReference; fileEncoding = 4; lastKnownFileType = sourcecode.c.objc; path = Note.m; sourceTree = "<group>"; };
		71708E1F186D49B8001FC66A /* UIScrollView+SVInfiniteScrolling.h */ = {isa = PBXFileReference; fileEncoding = 4; lastKnownFileType = sourcecode.c.h; path = "UIScrollView+SVInfiniteScrolling.h"; sourceTree = "<group>"; };
		71708E20186D49B8001FC66A /* UIScrollView+SVInfiniteScrolling.m */ = {isa = PBXFileReference; fileEncoding = 4; lastKnownFileType = sourcecode.c.objc; path = "UIScrollView+SVInfiniteScrolling.m"; sourceTree = "<group>"; };
		71708E22186E64BD001FC66A /* AccountMenuCell.h */ = {isa = PBXFileReference; fileEncoding = 4; lastKnownFileType = sourcecode.c.h; path = AccountMenuCell.h; sourceTree = "<group>"; };
		71708E23186E64BD001FC66A /* AccountMenuCell.m */ = {isa = PBXFileReference; fileEncoding = 4; lastKnownFileType = sourcecode.c.objc; path = AccountMenuCell.m; sourceTree = "<group>"; };
		71792FD6186BFAD200775320 /* AccountViewController.h */ = {isa = PBXFileReference; fileEncoding = 4; lastKnownFileType = sourcecode.c.h; path = AccountViewController.h; sourceTree = "<group>"; };
		71792FD7186BFAD200775320 /* AccountViewController.m */ = {isa = PBXFileReference; fileEncoding = 4; lastKnownFileType = sourcecode.c.objc; path = AccountViewController.m; sourceTree = "<group>"; };
		71D4EE0B186ACB640098E818 /* black-placeholder.png */ = {isa = PBXFileReference; lastKnownFileType = image.png; path = "black-placeholder.png"; sourceTree = "<group>"; };
		71D4EE0C186ACB640098E818 /* black-placeholder@2x.png */ = {isa = PBXFileReference; lastKnownFileType = image.png; path = "black-placeholder@2x.png"; sourceTree = "<group>"; };
		71D4EE16186B9B7D0098E818 /* reveal-icon.png */ = {isa = PBXFileReference; lastKnownFileType = image.png; path = "reveal-icon.png"; sourceTree = "<group>"; };
		71D4EE17186B9B7D0098E818 /* reveal-icon@2x.png */ = {isa = PBXFileReference; lastKnownFileType = image.png; path = "reveal-icon@2x.png"; sourceTree = "<group>"; };
		71D4EE1E186BAE5D0098E818 /* MenuViewController.h */ = {isa = PBXFileReference; fileEncoding = 4; lastKnownFileType = sourcecode.c.h; path = MenuViewController.h; sourceTree = "<group>"; };
		71D4EE1F186BAE5D0098E818 /* MenuViewController.m */ = {isa = PBXFileReference; fileEncoding = 4; lastKnownFileType = sourcecode.c.objc; path = MenuViewController.m; sourceTree = "<group>"; };
		A32006C81A4A1184009097DF /* en */ = {isa = PBXFileReference; lastKnownFileType = text.plist.strings; name = en; path = en.lproj/InfoPlist.strings; sourceTree = "<group>"; };
		A32006C91A4A1184009097DF /* GrtyrTests-Info.plist */ = {isa = PBXFileReference; fileEncoding = 4; lastKnownFileType = text.plist.xml; path = "GrtyrTests-Info.plist"; sourceTree = "<group>"; };
		A32006CA1A4A1184009097DF /* MainTests.m */ = {isa = PBXFileReference; fileEncoding = 4; lastKnownFileType = sourcecode.c.objc; path = MainTests.m; sourceTree = "<group>"; };
		A33EB6721A530CCA00DDF055 /* Grtyr.storyboard */ = {isa = PBXFileReference; fileEncoding = 4; lastKnownFileType = file.storyboard; name = Grtyr.storyboard; path = ../../../../.Trash/Grtyr.storyboard; sourceTree = "<group>"; };
		A3954B911A4A1E6300459ED2 /* debut_light.png */ = {isa = PBXFileReference; lastKnownFileType = image.png; name = debut_light.png; path = ../../../../Downloads/debut_light/debut_light.png; sourceTree = "<group>"; };
		A3954B931A4A1E7100459ED2 /* debut_light@2X.png */ = {isa = PBXFileReference; lastKnownFileType = image.png; name = "debut_light@2X.png"; path = "../../../../Downloads/debut_light/debut_light@2X.png"; sourceTree = "<group>"; };
		A3EAD8521A51DE6800540609 /* Security.framework */ = {isa = PBXFileReference; lastKnownFileType = wrapper.framework; name = Security.framework; path = System/Library/Frameworks/Security.framework; sourceTree = SDKROOT; };
		A3EAD8571A51FEC200540609 /* UserService.m */ = {isa = PBXFileReference; fileEncoding = 4; lastKnownFileType = sourcecode.c.objc; path = UserService.m; sourceTree = "<group>"; };
		A3EAD8591A51FEE900540609 /* UserService.h */ = {isa = PBXFileReference; fileEncoding = 4; lastKnownFileType = sourcecode.c.h; path = UserService.h; sourceTree = "<group>"; };
		A3EAD85B1A51FFFC00540609 /* GrtyrApi.m */ = {isa = PBXFileReference; fileEncoding = 4; lastKnownFileType = sourcecode.c.objc; path = GrtyrApi.m; sourceTree = "<group>"; };
		A3EAD85D1A52000500540609 /* GrtyrApi.h */ = {isa = PBXFileReference; fileEncoding = 4; lastKnownFileType = sourcecode.c.h; path = GrtyrApi.h; sourceTree = "<group>"; };
/* End PBXFileReference section */

/* Begin PBXFrameworksBuildPhase section */
		714E59ED1868A99F00750A2E /* Frameworks */ = {
			isa = PBXFrameworksBuildPhase;
			buildActionMask = 2147483647;
			files = (
				A3EAD8531A51DE6800540609 /* Security.framework in Frameworks */,
				714E59F61868A99F00750A2E /* CoreGraphics.framework in Frameworks */,
				714E59F81868A99F00750A2E /* UIKit.framework in Frameworks */,
				714E59F41868A99F00750A2E /* Foundation.framework in Frameworks */,
				3F415C65809E483DB0BA733B /* libPods.a in Frameworks */,
			);
			runOnlyForDeploymentPostprocessing = 0;
		};
/* End PBXFrameworksBuildPhase section */

/* Begin PBXGroup section */
		710CE400186C25AF000248B2 /* ViewControllers */ = {
			isa = PBXGroup;
			children = (
				71D4EE1D186BABCA0098E818 /* lib */,
				71D4EE1E186BAE5D0098E818 /* MenuViewController.h */,
				71D4EE1F186BAE5D0098E818 /* MenuViewController.m */,
				71792FD6186BFAD200775320 /* AccountViewController.h */,
				71792FD7186BFAD200775320 /* AccountViewController.m */,
				714E5A2E1868AF0A00750A2E /* HomeViewController.h */,
				714E5A2F1868AF0A00750A2E /* HomeViewController.m */,
			);
			name = ViewControllers;
			sourceTree = "<group>";
		};
		710CE401186C267D000248B2 /* Utils */ = {
			isa = PBXGroup;
			children = (
				710CE402186C2695000248B2 /* LVDebounce.h */,
				710CE403186C2695000248B2 /* LVDebounce.m */,
			);
			name = Utils;
			sourceTree = "<group>";
		};
		714E59E71868A99F00750A2E = {
			isa = PBXGroup;
			children = (
				A32006C61A4A1184009097DF /* GrtyrTests */,
				714E59F91868A99F00750A2E /* Grtyr */,
				714E59F21868A99F00750A2E /* Frameworks */,
				714E59F11868A99F00750A2E /* Products */,
				AF44E8272E84F24077F980E9 /* Pods */,
			);
			sourceTree = "<group>";
		};
		714E59F11868A99F00750A2E /* Products */ = {
			isa = PBXGroup;
			children = (
				714E59F01868A99F00750A2E /* Grtyr.app */,
			);
			name = Products;
			sourceTree = "<group>";
		};
		714E59F21868A99F00750A2E /* Frameworks */ = {
			isa = PBXGroup;
			children = (
				A3EAD8521A51DE6800540609 /* Security.framework */,
				714E59F31868A99F00750A2E /* Foundation.framework */,
				714E59F51868A99F00750A2E /* CoreGraphics.framework */,
				714E59F71868A99F00750A2E /* UIKit.framework */,
				714E5A151868A99F00750A2E /* XCTest.framework */,
				38C6AC66B71D48D08884DEC1 /* libPods.a */,
			);
			name = Frameworks;
			sourceTree = "<group>";
		};
		714E59F91868A99F00750A2E /* Grtyr */ = {
			isa = PBXGroup;
			children = (
				710CE401186C267D000248B2 /* Utils */,
				71883CCD1868E34C00796FBC /* Assets */,
				7158B64A1868C15800F02C9E /* Model */,
				7158B6491868C14900F02C9E /* Service */,
				710CE400186C25AF000248B2 /* ViewControllers */,
				7158B6481868C12500F02C9E /* View */,
				714E5A021868A99F00750A2E /* AppDelegate.h */,
				714E5A031868A99F00750A2E /* AppDelegate.m */,
				A33EB6721A530CCA00DDF055 /* Grtyr.storyboard */,
				714E5A0E1868A99F00750A2E /* Images.xcassets */,
				714E59FA1868A99F00750A2E /* Supporting Files */,
			);
			path = Grtyr;
			sourceTree = "<group>";
		};
		714E59FA1868A99F00750A2E /* Supporting Files */ = {
			isa = PBXGroup;
			children = (
				714E59FB1868A99F00750A2E /* Grtyr-Info.plist */,
				714E59FC1868A99F00750A2E /* InfoPlist.strings */,
				714E59FF1868A99F00750A2E /* main.m */,
				714E5A011868A99F00750A2E /* Grtyr-Prefix.pch */,
			);
			name = "Supporting Files";
			sourceTree = "<group>";
		};
		7158B6481868C12500F02C9E /* View */ = {
			isa = PBXGroup;
			children = (
				71708E22186E64BD001FC66A /* AccountMenuCell.h */,
				71708E23186E64BD001FC66A /* AccountMenuCell.m */,
			);
			name = View;
			sourceTree = "<group>";
		};
		7158B6491868C14900F02C9E /* Service */ = {
			isa = PBXGroup;
			children = (
				714E5A311868BE6600750A2E /* GrtyrService.h */,
				A3EAD85D1A52000500540609 /* GrtyrApi.h */,
				714E5A321868BE6600750A2E /* GrtyrService.m */,
				A3EAD85B1A51FFFC00540609 /* GrtyrApi.m */,
				A3EAD8591A51FEE900540609 /* UserService.h */,
				A3EAD8571A51FEC200540609 /* UserService.m */,
			);
			name = Service;
			sourceTree = "<group>";
		};
		7158B64A1868C15800F02C9E /* Model */ = {
			isa = PBXGroup;
			children = (
				7158B64E1868C18700F02C9E /* Note.h */,
				7158B64F1868C18700F02C9E /* Note.m */,
			);
			name = Model;
			sourceTree = "<group>";
		};
		71883CCD1868E34C00796FBC /* Assets */ = {
			isa = PBXGroup;
			children = (
				A3954B911A4A1E6300459ED2 /* debut_light.png */,
				71D4EE16186B9B7D0098E818 /* reveal-icon.png */,
				71D4EE17186B9B7D0098E818 /* reveal-icon@2x.png */,
				71D4EE0B186ACB640098E818 /* black-placeholder.png */,
				71D4EE0C186ACB640098E818 /* black-placeholder@2x.png */,
				A3954B931A4A1E7100459ED2 /* debut_light@2X.png */,
			);
			name = Assets;
			sourceTree = "<group>";
		};
		71D4EE1D186BABCA0098E818 /* lib */ = {
			isa = PBXGroup;
			children = (
				71708E1F186D49B8001FC66A /* UIScrollView+SVInfiniteScrolling.h */,
				71708E20186D49B8001FC66A /* UIScrollView+SVInfiniteScrolling.m */,
			);
			name = lib;
			sourceTree = "<group>";
		};
		A32006C61A4A1184009097DF /* GrtyrTests */ = {
			isa = PBXGroup;
			children = (
				A32006C71A4A1184009097DF /* InfoPlist.strings */,
				A32006C91A4A1184009097DF /* GrtyrTests-Info.plist */,
				A32006CA1A4A1184009097DF /* MainTests.m */,
			);
			path = GrtyrTests;
			sourceTree = "<group>";
		};
		AF44E8272E84F24077F980E9 /* Pods */ = {
			isa = PBXGroup;
			children = (
				0543C05B919546B85A251466 /* Pods.debug.xcconfig */,
				50B1A9139AD68A65B243CDC1 /* Pods.release.xcconfig */,
			);
			name = Pods;
			sourceTree = "<group>";
		};
/* End PBXGroup section */

/* Begin PBXNativeTarget section */
		714E59EF1868A99F00750A2E /* Grtyr */ = {
			isa = PBXNativeTarget;
			buildConfigurationList = 714E5A251868A99F00750A2E /* Build configuration list for PBXNativeTarget "Grtyr" */;
			buildPhases = (
				4442714365794C6E83661C5E /* Check Pods Manifest.lock */,
				714E59EC1868A99F00750A2E /* Sources */,
				714E59ED1868A99F00750A2E /* Frameworks */,
				714E59EE1868A99F00750A2E /* Resources */,
				D28B8F4D055A4BEC9EF5D461 /* Copy Pods Resources */,
			);
			buildRules = (
			);
			dependencies = (
			);
			name = Grtyr;
			productName = Main;
			productReference = 714E59F01868A99F00750A2E /* Grtyr.app */;
			productType = "com.apple.product-type.application";
		};
/* End PBXNativeTarget section */

/* Begin PBXProject section */
		714E59E81868A99F00750A2E /* Project object */ = {
			isa = PBXProject;
			attributes = {
				LastUpgradeCheck = 0610;
				ORGANIZATIONNAME = Conn;
			};
			buildConfigurationList = 714E59EB1868A99F00750A2E /* Build configuration list for PBXProject "Grtyr" */;
			compatibilityVersion = "Xcode 3.2";
			developmentRegion = English;
			hasScannedForEncodings = 0;
			knownRegions = (
				en,
				Base,
			);
			mainGroup = 714E59E71868A99F00750A2E;
			productRefGroup = 714E59F11868A99F00750A2E /* Products */;
			projectDirPath = "";
			projectRoot = "";
			targets = (
				714E59EF1868A99F00750A2E /* Grtyr */,
			);
		};
/* End PBXProject section */

/* Begin PBXResourcesBuildPhase section */
		714E59EE1868A99F00750A2E /* Resources */ = {
			isa = PBXResourcesBuildPhase;
			buildActionMask = 2147483647;
			files = (
				714E5A0F1868A99F00750A2E /* Images.xcassets in Resources */,
				714E59FE1868A99F00750A2E /* InfoPlist.strings in Resources */,
				71D4EE19186B9B7D0098E818 /* reveal-icon@2x.png in Resources */,
				71D4EE0E186ACB640098E818 /* black-placeholder@2x.png in Resources */,
				A33EB6731A530CCA00DDF055 /* Grtyr.storyboard in Resources */,
				A3EAD8581A51FEC200540609 /* UserService.m in Resources */,
				71D4EE0D186ACB640098E818 /* black-placeholder.png in Resources */,
				A3954B921A4A1E6300459ED2 /* debut_light.png in Resources */,
				71D4EE18186B9B7D0098E818 /* reveal-icon.png in Resources */,
				A3954B941A4A1E7100459ED2 /* debut_light@2X.png in Resources */,
			);
			runOnlyForDeploymentPostprocessing = 0;
		};
/* End PBXResourcesBuildPhase section */

/* Begin PBXShellScriptBuildPhase section */
		4442714365794C6E83661C5E /* Check Pods Manifest.lock */ = {
			isa = PBXShellScriptBuildPhase;
			buildActionMask = 2147483647;
			files = (
			);
			inputPaths = (
			);
			name = "Check Pods Manifest.lock";
			outputPaths = (
			);
			runOnlyForDeploymentPostprocessing = 0;
			shellPath = /bin/sh;
			shellScript = "diff \"${PODS_ROOT}/../Podfile.lock\" \"${PODS_ROOT}/Manifest.lock\" > /dev/null\nif [[ $? != 0 ]] ; then\n    cat << EOM\nerror: The sandbox is not in sync with the Podfile.lock. Run 'pod install' or update your CocoaPods installation.\nEOM\n    exit 1\nfi\n";
			showEnvVarsInLog = 0;
		};
		D28B8F4D055A4BEC9EF5D461 /* Copy Pods Resources */ = {
			isa = PBXShellScriptBuildPhase;
			buildActionMask = 2147483647;
			files = (
			);
			inputPaths = (
			);
			name = "Copy Pods Resources";
			outputPaths = (
			);
			runOnlyForDeploymentPostprocessing = 0;
			shellPath = /bin/sh;
			shellScript = "\"${SRCROOT}/Pods/Target Support Files/Pods/Pods-resources.sh\"\n";
			showEnvVarsInLog = 0;
		};
/* End PBXShellScriptBuildPhase section */

/* Begin PBXSourcesBuildPhase section */
		714E59EC1868A99F00750A2E /* Sources */ = {
			isa = PBXSourcesBuildPhase;
			buildActionMask = 2147483647;
			files = (
				710CE404186C2695000248B2 /* LVDebounce.m in Sources */,
				71792FD8186BFAD200775320 /* AccountViewController.m in Sources */,
				714E5A331868BE6600750A2E /* GrtyrService.m in Sources */,
				714E5A041868A99F00750A2E /* AppDelegate.m in Sources */,
				714E5A301868AF0A00750A2E /* HomeViewController.m in Sources */,
				71D4EE20186BAE5D0098E818 /* MenuViewController.m in Sources */,
				7158B6501868C18700F02C9E /* Note.m in Sources */,
				71708E24186E64BD001FC66A /* AccountMenuCell.m in Sources */,
				71708E21186D49B8001FC66A /* UIScrollView+SVInfiniteScrolling.m in Sources */,
				A3EAD85C1A51FFFC00540609 /* GrtyrApi.m in Sources */,
				714E5A001868A99F00750A2E /* main.m in Sources */,
			);
			runOnlyForDeploymentPostprocessing = 0;
		};
/* End PBXSourcesBuildPhase section */

/* Begin PBXVariantGroup section */
		714E59FC1868A99F00750A2E /* InfoPlist.strings */ = {
			isa = PBXVariantGroup;
			children = (
				714E59FD1868A99F00750A2E /* en */,
			);
			name = InfoPlist.strings;
			sourceTree = "<group>";
		};
		A32006C71A4A1184009097DF /* InfoPlist.strings */ = {
			isa = PBXVariantGroup;
			children = (
				A32006C81A4A1184009097DF /* en */,
			);
			name = InfoPlist.strings;
			sourceTree = "<group>";
		};
/* End PBXVariantGroup section */

/* Begin XCBuildConfiguration section */
		714E5A231868A99F00750A2E /* Debug */ = {
			isa = XCBuildConfiguration;
			buildSettings = {
				ALWAYS_SEARCH_USER_PATHS = NO;
				CLANG_CXX_LANGUAGE_STANDARD = "gnu++0x";
				CLANG_CXX_LIBRARY = "libc++";
				CLANG_ENABLE_MODULES = YES;
				CLANG_ENABLE_OBJC_ARC = YES;
				CLANG_WARN_BOOL_CONVERSION = YES;
				CLANG_WARN_CONSTANT_CONVERSION = YES;
				CLANG_WARN_DIRECT_OBJC_ISA_USAGE = YES_ERROR;
				CLANG_WARN_EMPTY_BODY = YES;
				CLANG_WARN_ENUM_CONVERSION = YES;
				CLANG_WARN_INT_CONVERSION = YES;
				CLANG_WARN_OBJC_ROOT_CLASS = YES_ERROR;
				CLANG_WARN__DUPLICATE_METHOD_MATCH = YES;
				"CODE_SIGN_IDENTITY[sdk=iphoneos*]" = "iPhone Developer";
				COPY_PHASE_STRIP = NO;
				GCC_C_LANGUAGE_STANDARD = gnu99;
				GCC_DYNAMIC_NO_PIC = NO;
				GCC_OPTIMIZATION_LEVEL = 0;
				GCC_PREPROCESSOR_DEFINITIONS = (
					"DEBUG=1",
					"$(inherited)",
				);
				GCC_SYMBOLS_PRIVATE_EXTERN = NO;
				GCC_WARN_64_TO_32_BIT_CONVERSION = YES;
				GCC_WARN_ABOUT_RETURN_TYPE = YES_ERROR;
				GCC_WARN_UNDECLARED_SELECTOR = YES;
				GCC_WARN_UNINITIALIZED_AUTOS = YES;
				GCC_WARN_UNUSED_FUNCTION = YES;
				GCC_WARN_UNUSED_VARIABLE = YES;
				IPHONEOS_DEPLOYMENT_TARGET = 7.0;
				ONLY_ACTIVE_ARCH = YES;
				SDKROOT = iphoneos;
			};
			name = Debug;
		};
		714E5A241868A99F00750A2E /* Release */ = {
			isa = XCBuildConfiguration;
			buildSettings = {
				ALWAYS_SEARCH_USER_PATHS = NO;
				CLANG_CXX_LANGUAGE_STANDARD = "gnu++0x";
				CLANG_CXX_LIBRARY = "libc++";
				CLANG_ENABLE_MODULES = YES;
				CLANG_ENABLE_OBJC_ARC = YES;
				CLANG_WARN_BOOL_CONVERSION = YES;
				CLANG_WARN_CONSTANT_CONVERSION = YES;
				CLANG_WARN_DIRECT_OBJC_ISA_USAGE = YES_ERROR;
				CLANG_WARN_EMPTY_BODY = YES;
				CLANG_WARN_ENUM_CONVERSION = YES;
				CLANG_WARN_INT_CONVERSION = YES;
				CLANG_WARN_OBJC_ROOT_CLASS = YES_ERROR;
				CLANG_WARN__DUPLICATE_METHOD_MATCH = YES;
				"CODE_SIGN_IDENTITY[sdk=iphoneos*]" = "iPhone Developer";
				COPY_PHASE_STRIP = YES;
				ENABLE_NS_ASSERTIONS = NO;
				GCC_C_LANGUAGE_STANDARD = gnu99;
				GCC_WARN_64_TO_32_BIT_CONVERSION = YES;
				GCC_WARN_ABOUT_RETURN_TYPE = YES_ERROR;
				GCC_WARN_UNDECLARED_SELECTOR = YES;
				GCC_WARN_UNINITIALIZED_AUTOS = YES;
				GCC_WARN_UNUSED_FUNCTION = YES;
				GCC_WARN_UNUSED_VARIABLE = YES;
				IPHONEOS_DEPLOYMENT_TARGET = 7.0;
				SDKROOT = iphoneos;
				VALIDATE_PRODUCT = YES;
			};
			name = Release;
		};
		714E5A261868A99F00750A2E /* Debug */ = {
			isa = XCBuildConfiguration;
			baseConfigurationReference = 0543C05B919546B85A251466 /* Pods.debug.xcconfig */;
			buildSettings = {
				ASSETCATALOG_COMPILER_APPICON_NAME = AppIcon;
				ASSETCATALOG_COMPILER_LAUNCHIMAGE_NAME = LaunchImage;
				GCC_PRECOMPILE_PREFIX_HEADER = YES;
				GCC_PREFIX_HEADER = "Grtyr/Grtyr-Prefix.pch";
				INFOPLIST_FILE = "Grtyr/Grtyr-Info.plist";
				"INFOPLIST_FILE[sdk=*]" = "Grtyr/Grtyr-Info.plist";
				PRODUCT_NAME = Grtyr;
				WRAPPER_EXTENSION = app;
			};
			name = Debug;
		};
		714E5A271868A99F00750A2E /* Release */ = {
			isa = XCBuildConfiguration;
			baseConfigurationReference = 50B1A9139AD68A65B243CDC1 /* Pods.release.xcconfig */;
			buildSettings = {
				ASSETCATALOG_COMPILER_APPICON_NAME = AppIcon;
				ASSETCATALOG_COMPILER_LAUNCHIMAGE_NAME = LaunchImage;
				GCC_PRECOMPILE_PREFIX_HEADER = YES;
				GCC_PREFIX_HEADER = "Grtyr/Grtyr-Prefix.pch";
				INFOPLIST_FILE = "Grtyr/Grtyr-Info.plist";
				PRODUCT_NAME = Grtyr;
				WRAPPER_EXTENSION = app;
			};
			name = Release;
		};
/* End XCBuildConfiguration section */

/* Begin XCConfigurationList section */
		714E59EB1868A99F00750A2E /* Build configuration list for PBXProject "Grtyr" */ = {
			isa = XCConfigurationList;
			buildConfigurations = (
				714E5A231868A99F00750A2E /* Debug */,
				714E5A241868A99F00750A2E /* Release */,
			);
			defaultConfigurationIsVisible = 0;
			defaultConfigurationName = Release;
		};
		714E5A251868A99F00750A2E /* Build configuration list for PBXNativeTarget "Grtyr" */ = {
			isa = XCConfigurationList;
			buildConfigurations = (
				714E5A261868A99F00750A2E /* Debug */,
				714E5A271868A99F00750A2E /* Release */,
			);
			defaultConfigurationIsVisible = 0;
			defaultConfigurationName = Release;
		};
/* End XCConfigurationList section */
	};
	rootObject = 714E59E81868A99F00750A2E /* Project object */;
}
